
Microsoft Visual Studio Solution File, Format Version 12.00
# Visual Studio 2017
Project("{FAE04EC0-301F-11D3-BF4B-00C04F79EFBC}") = "HoloLensSharing", "HoloLensSharing.csproj", "{A7581828-8BEA-FD2E-E628-2E9B5226496F}"
EndProject
Project("{FAE04EC0-301F-11D3-BF4B-00C04F79EFBC}") = "HoloLensSharing.Editor", "HoloLensSharing.Editor.csproj", "{6581D23E-730A-9F66-794B-EDFE0455C837}"
EndProject
Global
	GlobalSection(SolutionConfigurationPlatforms) = preSolution
		Debug|Any CPU = Debug|Any CPU
		Release|Any CPU = Release|Any CPU
	EndGlobalSection
	GlobalSection(ProjectConfigurationPlatforms) = postSolution
		{A7581828-8BEA-FD2E-E628-2E9B5226496F}.Debug|Any CPU.ActiveCfg = Debug|Any CPU
		{A7581828-8BEA-FD2E-E628-2E9B5226496F}.Debug|Any CPU.Build.0 = Debug|Any CPU
		{A7581828-8BEA-FD2E-E628-2E9B5226496F}.Release|Any CPU.ActiveCfg = Release|Any CPU
		{A7581828-8BEA-FD2E-E628-2E9B5226496F}.Release|Any CPU.Build.0 = Release|Any CPU
		{6581D23E-730A-9F66-794B-EDFE0455C837}.Debug|Any CPU.ActiveCfg = Debug|Any CPU
		{6581D23E-730A-9F66-794B-EDFE0455C837}.Debug|Any CPU.Build.0 = Debug|Any CPU
		{6581D23E-730A-9F66-794B-EDFE0455C837}.Release|Any CPU.ActiveCfg = Release|Any CPU
		{6581D23E-730A-9F66-794B-EDFE0455C837}.Release|Any CPU.Build.0 = Release|Any CPU
	EndGlobalSection
	GlobalSection(SolutionProperties) = preSolution
		HideSolutionNode = FALSE
	EndGlobalSection
EndGlobal
